
Microsoft Visual Studio Solution File, Format Version 12.00
# Visual Studio 2012
Project("{FAE04EC0-301F-11D3-BF4B-00C04F79EFBC}") = "EventSourcing", "EventSourcing\EventSourcing.csproj", "{C674E13E-C64C-4F14-885F-2945726AC610}"
EndProject
Global
	GlobalSection(SolutionConfigurationPlatforms) = preSolution
		Debug|Any CPU = Debug|Any CPU
		Release|Any CPU = Release|Any CPU
	EndGlobalSection
	GlobalSection(ProjectConfigurationPlatforms) = postSolution
		{C674E13E-C64C-4F14-885F-2945726AC610}.Debug|Any CPU.ActiveCfg = Debug|Any CPU
		{C674E13E-C64C-4F14-885F-2945726AC610}.Debug|Any CPU.Build.0 = Debug|Any CPU
		{C674E13E-C64C-4F14-885F-2945726AC610}.Release|Any CPU.ActiveCfg = Release|Any CPU
		{C674E13E-C64C-4F14-885F-2945726AC610}.Release|Any CPU.Build.0 = Release|Any CPU
	EndGlobalSection
	GlobalSection(SolutionProperties) = preSolution
		HideSolutionNode = FALSE
	EndGlobalSection
EndGlobal
